
Microsoft Visual Studio Solution File, Format Version 12.00
# Visual Studio 15
VisualStudioVersion = 15.0.28307.1062
MinimumVisualStudioVersion = 10.0.40219.1
Project("{8BC9CEB8-8B4A-11D0-8D11-00A0C91BC942}") = "XFrameworkJS", "XPlatform_HTML5.vcxproj", "{581B9E49-ADBA-426D-8DB5-2ED16ED1FA9D}"
EndProject
Global
	GlobalSection(SolutionConfigurationPlatforms) = preSolution
		Debug|Win32 = Debug|Win32
		Release|Win32 = Release|Win32
	EndGlobalSection
	GlobalSection(ProjectConfigurationPlatforms) = postSolution
		{581B9E49-ADBA-426D-8DB5-2ED16ED1FA9D}.Debug|Win32.ActiveCfg = Debug|Win32
		{581B9E49-ADBA-426D-8DB5-2ED16ED1FA9D}.Debug|Win32.Build.0 = Debug|Win32
		{581B9E49-ADBA-426D-8DB5-2ED16ED1FA9D}.Release|Win32.ActiveCfg = Release|Win32
		{581B9E49-ADBA-426D-8DB5-2ED16ED1FA9D}.Release|Win32.Build.0 = Release|Win32
	EndGlobalSection
	GlobalSection(SolutionProperties) = preSolution
		HideSolutionNode = FALSE
	EndGlobalSection
	GlobalSection(ExtensibilityGlobals) = postSolution
		SolutionGuid = {C3EF54AF-BAB6-406B-A453-A09178034513}
	EndGlobalSection
	GlobalSection(TeamFoundationVersionControl) = preSolution
		SccNumberOfProjects = 2
		SccEnterpriseProvider = {4CA58AB2-18FA-4F8D-95D4-32DDF27D184C}
		SccTeamFoundationServer = https://tfs.tobesoft.com:9443/tfs/xplatform
		SccProjectName0 = ../../
		SccAuxPath0 = https://tfs.tobesoft.com:9443/tfs/xplatform
		SccLocalPath0 = ..\\..
		SccProvider0 = {4CA58AB2-18FA-4F8D-95D4-32DDF27D184C}
		SccProjectFilePathRelativizedFromConnection0 = Lib\\FrameworkJS\\
		SccProjectUniqueName1 = XPlatform_HTML5.vcxproj
		SccProjectName1 = .
		SccLocalPath1 = .
	EndGlobalSection
EndGlobal
